
Microsoft Visual Studio Solution File, Format Version 12.00
# Visual Studio Version 17
VisualStudioVersion = 17.11.35312.102
MinimumVisualStudioVersion = 10.0.40219.1
Project("{FAE04EC0-301F-11D3-BF4B-00C04F79EFBC}") = "ECommerce.MVC", "ECommerce.MVC\ECommerce.MVC.csproj", "{4B8E1CB6-B9B4-4345-A3CD-A64E84F40D81}"
EndProject
Project("{FAE04EC0-301F-11D3-BF4B-00C04F79EFBC}") = "ECommerce.DAL", "ECommerce.DAL\ECommerce.DAL.csproj", "{FF477C3F-638D-483D-9327-0D5FD1B3E3F9}"
EndProject
Project("{FAE04EC0-301F-11D3-BF4B-00C04F79EFBC}") = "ECommerce.BLL", "ECommerce.BLL\ECommerce.BLL.csproj", "{31945786-8719-436B-80DF-51E5F631FEE4}"
EndProject
Global
	GlobalSection(SolutionConfigurationPlatforms) = preSolution
		Debug|Any CPU = Debug|Any CPU
		Release|Any CPU = Release|Any CPU
	EndGlobalSection
	GlobalSection(ProjectConfigurationPlatforms) = postSolution
		{4B8E1CB6-B9B4-4345-A3CD-A64E84F40D81}.Debug|Any CPU.ActiveCfg = Debug|Any CPU
		{4B8E1CB6-B9B4-4345-A3CD-A64E84F40D81}.Debug|Any CPU.Build.0 = Debug|Any CPU
		{4B8E1CB6-B9B4-4345-A3CD-A64E84F40D81}.Release|Any CPU.ActiveCfg = Release|Any CPU
		{4B8E1CB6-B9B4-4345-A3CD-A64E84F40D81}.Release|Any CPU.Build.0 = Release|Any CPU
		{FF477C3F-638D-483D-9327-0D5FD1B3E3F9}.Debug|Any CPU.ActiveCfg = Debug|Any CPU
		{FF477C3F-638D-483D-9327-0D5FD1B3E3F9}.Debug|Any CPU.Build.0 = Debug|Any CPU
		{FF477C3F-638D-483D-9327-0D5FD1B3E3F9}.Release|Any CPU.ActiveCfg = Release|Any CPU
		{FF477C3F-638D-483D-9327-0D5FD1B3E3F9}.Release|Any CPU.Build.0 = Release|Any CPU
		{31945786-8719-436B-80DF-51E5F631FEE4}.Debug|Any CPU.ActiveCfg = Debug|Any CPU
		{31945786-8719-436B-80DF-51E5F631FEE4}.Debug|Any CPU.Build.0 = Debug|Any CPU
		{31945786-8719-436B-80DF-51E5F631FEE4}.Release|Any CPU.ActiveCfg = Release|Any CPU
		{31945786-8719-436B-80DF-51E5F631FEE4}.Release|Any CPU.Build.0 = Release|Any CPU
	EndGlobalSection
	GlobalSection(SolutionProperties) = preSolution
		HideSolutionNode = FALSE
	EndGlobalSection
	GlobalSection(ExtensibilityGlobals) = postSolution
		SolutionGuid = {29056859-F390-4228-8D5C-5D48BEC2899A}
	EndGlobalSection
EndGlobal
